{
  "version": 4,
  "terraform_version": "1.0.9",
  "serial": 12,
  "lineage": "65876af3-8208-c7c5-2171-d534d1056845",
  "outputs": {
    "tls_private_key": {
      "value": "-----BEGIN RSA PRIVATE KEY-----\nMIIJKQIBAAKCAgEAnd4RqQ+WsNXN2spXwTPg/QPsfz9U+uhj0PcyBGPMB3Wu1Smr\nZIm4+phT1vQ7MmtAMZ6Sia7wjevQaX1fyXbPOx0/jHzJ4Fzj0u/fywql3AKfGxti\nxaapH6Bvizh0CszQlgaFBlsgUbw/Xyl9VKr/QTEmPHD1FKbTmLnWU5Z2QPDcAfoa\nq7XVgmKL0OKFLIf5Rq/azM9preKE5OkUWj40GKpN0G5VQE9d5gIydQSzK5hV7vkc\nuXuY65xV8GwVYBPoZp5yfisUMkjlue1etkdznHLwF/ZFcryVU4MdTexe+TQJRFiF\nBy5jfGP2TAqq5JDKdJgfW6LILruHtUr347LF3CpAkg5+GDj5DdwameHVGNcGoedi\n+XzWHuhpNXH368LZyCOBIdrw/O/MmxAiZeFd95zjYlveb+QwuNmYgJy5bsoZ5ckz\n85flT/oq1t8I99JGxVL4jgYRAl7oOkqRwioh0WnkwQc5N7xjohBH8S2PI7waHc37\nll1xEhCFJgGpzpidC+OwYBB4mIlh8wLhBYa4F7ELYnpRJY33mpzOwcqOiGb8leED\n8fUM+lp4UN1XuWLQWKCQaGkfMw7TaQMcHcLRJG0wGUuJNNw4BcocA03YmcGGpm7w\n3ii9Is5EneoZMuSV62KJDTbF0qLtjCeNf04QnLH9tujUY18wcZ4okSrsjGcCAwEA\nAQKCAgAst67A+M1yod2B0DczXwKoKOhg0wu7VwCPPLZKUAqHQmqXrwoBnJFtSqDV\nDrGGAqNYataPcaJqURXkC8OKScFBuXM61E5K44UVRyVZWlbJD2UKRKOh4See8c8m\n3ILiXEnpdUdRGZb6EBzTU+lQhm9vhACUtlp10xu0808mtkQg+RkY5kOPyB4GpOt9\n6+xVRN7zivSrd0U0ICoMvYkqVtxi8DrCg75aTSEH+i9YvlASVUBiROZCFCSo+MvP\nIo6bfIgkKVW9L261H7kTBY4CjBLPii9AWl4ptgmGcmlmnUH5zSei2IA2HInJvncR\n6yOlQu5WQJEBYAbcVfqG/Alj0kwBM3lZOjxolicksw1s8rGdaYGuNgGjKt4mCj62\n3N4BfENpov0JH/kUEW/e+AFkXzLJfHGCx0N+lUBUvMgy5BU3Z3XpKwRwj7M3mr2E\n4tR0Z+t0+0gWy0LJmVu/gPMyXc4rK/XFn5Zssjp56URxTX4dzM8FaR8XTPn/S9rz\nNJiRNBslVcCEZZpdTYtYAYdisSHwVRH9PV7W02wzz7uZpjT6SmOwaBjQjZcW6wJ9\noCEZy69InkRiS+Hw3YAPEFkNEpzNM6CHzD2PN6o/Y7ab7f4JCYwTuKcreAyZc5lt\nOriDJWh4GsCrp02qZzG15jr0sSTivUyjwyiv8pqAb5PH6RuyYQKCAQEAw/3h2Zmk\nxNbpObUEGSmq2Rd4X6UMguZj30okyUSr2qLnRyxnJirgfWsn5EhLal14vcGkkV+q\nfKhfALgSCdmR7iOUl3GdBZZL59Fpr2UjPjR8cPeytGQf6H0jzwSC1DYJ1ItzMRfm\nc4uOT00ZhH3po0FzH4s2BxICB3xlh9wN0LflIQa8YLnZlsDtJKsGHMI8oe/Wllu2\nN/fc10qz2Di2T3CuRohi3PWewQAZ+9nyOMrztyHG147xeN8xKYBTViqmeAoElGA8\nmN0GEOEKgS6UGPWcHpnzw6e/WhrxJikak5Cj6CGQ5Gu8ZiJnEWbSsbv2yK+OZ1AZ\nPoVhPToBRPKIzQKCAQEAzjPzZdo1FkD+YLn7DpPuCBillzBeGoSmyUpLr7+u+BaV\nUBN5DRxTkphiWVq7hoN+Dgg2eLdJAdTi594QhWnvxRuKtsi+GxwcwbBreKdtJbJ1\nXA8PO+uXHHzyrH8+/agjrA/dEdAsJwrEi/5IN2OzoWmZFU5yX7sRDsuJYG7aJTjP\nX63bbK/eHV6WmOHuFhuQt17PeI9inimQQ9dwKaABNTIQlzYaV12D1nUr+mLjZT+j\nt+JZorcUMkQjUyAoCVXnscYcCotF96evYf53OBb6PvlU01xuEuS3WaVjdHuR+WA3\n0sK+PSbt9VvtGXLrxKGZP9xY8Ix3NBsp1YnKd3C6AwKCAQAHH50r2YfBl8YWUNv7\nRiZtiYrYfxk7UMBkhz9bCWHtqmoZjiWZn4lVRaXHiFElZoxS6Uzf88gwi7YYQph1\nPzEspKJr9rcsUtAjdtsOgvCK/EFhob8fC1yViKbaiWFv8R7eWMsxB5taq8HaZAT/\nacwqIODcTqUCEMd+GilejML7yRNM5f/GzDp6XjzATm8EcJLfl+YGxQKUei/Oq2pp\n+3W04XWUHrTpLww8G5LWMo+5PLcq+tFNWGaya/pPddiRky9Fwad09SJ+s9nalzNY\niqbbWWH5QsM3Y0tzLPOC3Y+XuXQbpcysYLYSSEHSwhf6WciYdrkITEL+oL5uCUOu\ni9opAoIBAQCmLzRQt+XlA4h/yCPQAeTq3YJHMRIGaTZKL/iDsgZ/pyO7H5aFvHiW\nQv2wafGMXVkwUeokrALI2RvuJwhFnbVBtAq9eVfNXYDHkTlsSfMrWIJBKVnrvtlQ\nelrSLtNDd0kYmMhgXNfYt1LkSJFHIrFYu1RG2axP/uGmfN9AutZQ/VIUGHgpRivK\nm7rfh+ZsJtchEeY/kb+3HGRKaMzanzuZ9bltRItCMfnY0yIYb644oWt+/YukGczL\nHiMiEV5y96r9mV5sGQbQq3IrlfvbVplkO2nj1jBYRcCHHUXkUNq6kpMq5wyPGFrb\nTbTut7HQDTUHRLzhUTOY6PN0R9LHJDClAoIBAQCtVjyQf/2euGI0uXgXA+n5CmAK\n19EXBxJ3Nrw4nE5fQLQKtAKtwQl6cELPOyu/APvnUQ/NV29TX9xCv+i7omfz2TOh\n7ULGM1+jnoBUD9KYvybCT9d1sQ2y0qA2f9yo7zyy7LtCQadg0nkGTm1mcogAy6fZ\nCVGS5LyC0KWvQ1SfgXTO6SLTO4LV53vycWF/3kzCxvcWBB6nD8cLr0C8T1BSglYA\nzPrQE5M99bwbBP7/ed2f6kVkdMeXvwzPuKlhqHBY0d8SIovE/9/sHmU34FuRE04D\nhbiz2HeV3x3AMqo+FiibcwAZKM2cUdo2by/KznOFUT/rkhyaA670qOH7QgeB\n-----END RSA PRIVATE KEY-----\n",
      "type": "string",
      "sensitive": true
    }
  },
  "resources": [
    {
      "mode": "managed",
      "type": "azurerm_linux_virtual_machine",
      "name": "myterraformvm",
      "provider": "provider[\"registry.terraform.io/hashicorp/azurerm\"]",
      "instances": [
        {
          "schema_version": 0,
          "attributes": {
            "additional_capabilities": [],
            "admin_password": null,
            "admin_ssh_key": [
              {
                "public_key": "ssh-rsa AAAAB3NzaC1yc2EAAAADAQABAAACAQCd3hGpD5aw1c3aylfBM+D9A+x/P1T66GPQ9zIEY8wHda7VKatkibj6mFPW9Dsya0AxnpKJrvCN69BpfV/Jds87HT+MfMngXOPS79/LCqXcAp8bG2LFpqkfoG+LOHQKzNCWBoUGWyBRvD9fKX1Uqv9BMSY8cPUUptOYudZTlnZA8NwB+hqrtdWCYovQ4oUsh/lGr9rMz2mt4oTk6RRaPjQYqk3QblVAT13mAjJ1BLMrmFXu+Ry5e5jrnFXwbBVgE+hmnnJ+KxQySOW57V62R3OccvAX9kVyvJVTgx1N7F75NAlEWIUHLmN8Y/ZMCqrkkMp0mB9bosguu4e1SvfjssXcKkCSDn4YOPkN3BqZ4dUY1wah52L5fNYe6Gk1cffrwtnII4Eh2vD878ybECJl4V33nONiW95v5DC42ZiAnLluyhnlyTPzl+VP+irW3wj30kbFUviOBhECXug6SpHCKiHRaeTBBzk3vGOiEEfxLY8jvBodzfuWXXESEIUmAanOmJ0L47BgEHiYiWHzAuEFhrgXsQtielEljfeanM7Byo6IZvyV4QPx9Qz6WnhQ3Ve5YtBYoJBoaR8zDtNpAxwdwtEkbTAZS4k03DgFyhwDTdiZwYambvDeKL0izkSd6hky5JXrYokNNsXSou2MJ41/ThCcsf226NRjXzBxniiRKuyMZw==\n",
                "username": "azureuser"
              }
            ],
            "admin_username": "azureuser",
            "allow_extension_operations": true,
            "availability_set_id": "",
            "boot_diagnostics": [
              {
                "storage_account_uri": "https://rrsa01.blob.core.windows.net/"
              }
            ],
            "computer_name": "myvm",
            "custom_data": null,
            "dedicated_host_id": "",
            "disable_password_authentication": true,
            "encryption_at_host_enabled": false,
            "eviction_policy": "",
            "extensions_time_budget": "PT1H30M",
            "id": "/subscriptions/39e1282f-a588-4f22-86e1-2fbe036dfd42/resourceGroups/rr-rg-01/providers/Microsoft.Compute/virtualMachines/rr-vm-01",
            "identity": [],
            "license_type": "",
            "location": "eastus",
            "max_bid_price": -1,
            "name": "rr-vm-01",
            "network_interface_ids": [
              "/subscriptions/39e1282f-a588-4f22-86e1-2fbe036dfd42/resourceGroups/rr-rg-01/providers/Microsoft.Network/networkInterfaces/rr-nic-01"
            ],
            "os_disk": [
              {
                "caching": "ReadWrite",
                "diff_disk_settings": [],
                "disk_encryption_set_id": "",
                "disk_size_gb": 30,
                "name": "myOsDisk",
                "storage_account_type": "Premium_LRS",
                "write_accelerator_enabled": false
              }
            ],
            "plan": [],
            "platform_fault_domain": -1,
            "priority": "Regular",
            "private_ip_address": "10.0.1.4",
            "private_ip_addresses": [
              "10.0.1.4"
            ],
            "provision_vm_agent": true,
            "proximity_placement_group_id": "",
            "public_ip_address": "40.71.224.245",
            "public_ip_addresses": [
              "40.71.224.245"
            ],
            "resource_group_name": "rr-rg-01",
            "secret": [],
            "size": "Standard_DS1_v2",
            "source_image_id": "",
            "source_image_reference": [
              {
                "offer": "UbuntuServer",
                "publisher": "Canonical",
                "sku": "18.04-LTS",
                "version": "latest"
              }
            ],
            "tags": {
              "environment": "Terraform Demo"
            },
            "timeouts": null,
            "virtual_machine_id": "32759e96-90bf-45bd-9753-5bde621bc73a",
            "virtual_machine_scale_set_id": "",
            "zone": ""
          },
          "sensitive_attributes": [],
          "private": "eyJlMmJmYjczMC1lY2FhLTExZTYtOGY4OC0zNDM2M2JjN2M0YzAiOnsiY3JlYXRlIjoyNzAwMDAwMDAwMDAwLCJkZWxldGUiOjI3MDAwMDAwMDAwMDAsInJlYWQiOjMwMDAwMDAwMDAwMCwidXBkYXRlIjoyNzAwMDAwMDAwMDAwfX0=",
          "dependencies": [
            "azurerm_network_interface.myterraformnic",
            "azurerm_public_ip.myterraformpublicip",
            "azurerm_resource_group.myterraformgroup",
            "azurerm_storage_account.mystorageaccount",
            "azurerm_subnet.myterraformsubnet",
            "azurerm_virtual_network.myterraformnetwork",
            "tls_private_key.example_ssh"
          ]
        }
      ]
    },
    {
      "mode": "managed",
      "type": "azurerm_network_interface",
      "name": "myterraformnic",
      "provider": "provider[\"registry.terraform.io/hashicorp/azurerm\"]",
      "instances": [
        {
          "schema_version": 0,
          "attributes": {
            "applied_dns_servers": [],
            "dns_servers": [],
            "enable_accelerated_networking": false,
            "enable_ip_forwarding": false,
            "id": "/subscriptions/39e1282f-a588-4f22-86e1-2fbe036dfd42/resourceGroups/rr-rg-01/providers/Microsoft.Network/networkInterfaces/rr-nic-01",
            "internal_dns_name_label": "",
            "internal_domain_name_suffix": "bvx5w25eobxeld1edhegiuxqod.bx.internal.cloudapp.net",
            "ip_configuration": [
              {
                "name": "myNicConfiguration",
                "primary": true,
                "private_ip_address": "10.0.1.4",
                "private_ip_address_allocation": "Dynamic",
                "private_ip_address_version": "IPv4",
                "public_ip_address_id": "/subscriptions/39e1282f-a588-4f22-86e1-2fbe036dfd42/resourceGroups/rr-rg-01/providers/Microsoft.Network/publicIPAddresses/rr-pub_ip-01",
                "subnet_id": "/subscriptions/39e1282f-a588-4f22-86e1-2fbe036dfd42/resourceGroups/rr-rg-01/providers/Microsoft.Network/virtualNetworks/rr-vnet-01/subnets/rr-snet-01"
              }
            ],
            "location": "eastus",
            "mac_address": "",
            "name": "rr-nic-01",
            "private_ip_address": "10.0.1.4",
            "private_ip_addresses": [
              "10.0.1.4"
            ],
            "resource_group_name": "rr-rg-01",
            "tags": {
              "environment": "Terraform Demo"
            },
            "timeouts": null,
            "virtual_machine_id": ""
          },
          "sensitive_attributes": [],
          "private": "eyJlMmJmYjczMC1lY2FhLTExZTYtOGY4OC0zNDM2M2JjN2M0YzAiOnsiY3JlYXRlIjoxODAwMDAwMDAwMDAwLCJkZWxldGUiOjE4MDAwMDAwMDAwMDAsInJlYWQiOjMwMDAwMDAwMDAwMCwidXBkYXRlIjoxODAwMDAwMDAwMDAwfX0=",
          "dependencies": [
            "azurerm_public_ip.myterraformpublicip",
            "azurerm_resource_group.myterraformgroup",
            "azurerm_subnet.myterraformsubnet",
            "azurerm_virtual_network.myterraformnetwork"
          ]
        }
      ]
    },
    {
      "mode": "managed",
      "type": "azurerm_network_interface_security_group_association",
      "name": "example",
      "provider": "provider[\"registry.terraform.io/hashicorp/azurerm\"]",
      "instances": [
        {
          "schema_version": 0,
          "attributes": {
            "id": "/subscriptions/39e1282f-a588-4f22-86e1-2fbe036dfd42/resourceGroups/rr-rg-01/providers/Microsoft.Network/networkInterfaces/rr-nic-01|/subscriptions/39e1282f-a588-4f22-86e1-2fbe036dfd42/resourceGroups/rr-rg-01/providers/Microsoft.Network/networkSecurityGroups/rr-nsg-01",
            "network_interface_id": "/subscriptions/39e1282f-a588-4f22-86e1-2fbe036dfd42/resourceGroups/rr-rg-01/providers/Microsoft.Network/networkInterfaces/rr-nic-01",
            "network_security_group_id": "/subscriptions/39e1282f-a588-4f22-86e1-2fbe036dfd42/resourceGroups/rr-rg-01/providers/Microsoft.Network/networkSecurityGroups/rr-nsg-01",
            "timeouts": null
          },
          "sensitive_attributes": [],
          "private": "eyJlMmJmYjczMC1lY2FhLTExZTYtOGY4OC0zNDM2M2JjN2M0YzAiOnsiY3JlYXRlIjoxODAwMDAwMDAwMDAwLCJkZWxldGUiOjE4MDAwMDAwMDAwMDAsInJlYWQiOjMwMDAwMDAwMDAwMCwidXBkYXRlIjoxODAwMDAwMDAwMDAwfX0=",
          "dependencies": [
            "azurerm_network_interface.myterraformnic",
            "azurerm_network_security_group.myterraformnsg",
            "azurerm_public_ip.myterraformpublicip",
            "azurerm_resource_group.myterraformgroup",
            "azurerm_subnet.myterraformsubnet",
            "azurerm_virtual_network.myterraformnetwork"
          ]
        }
      ]
    },
    {
      "mode": "managed",
      "type": "azurerm_network_security_group",
      "name": "myterraformnsg",
      "provider": "provider[\"registry.terraform.io/hashicorp/azurerm\"]",
      "instances": [
        {
          "schema_version": 0,
          "attributes": {
            "id": "/subscriptions/39e1282f-a588-4f22-86e1-2fbe036dfd42/resourceGroups/rr-rg-01/providers/Microsoft.Network/networkSecurityGroups/rr-nsg-01",
            "location": "eastus",
            "name": "rr-nsg-01",
            "resource_group_name": "rr-rg-01",
            "security_rule": [
              {
                "access": "Allow",
                "description": "",
                "destination_address_prefix": "*",
                "destination_address_prefixes": [],
                "destination_application_security_group_ids": [],
                "destination_port_range": "22",
                "destination_port_ranges": [],
                "direction": "Inbound",
                "name": "SSH",
                "priority": 1001,
                "protocol": "Tcp",
                "source_address_prefix": "*",
                "source_address_prefixes": [],
                "source_application_security_group_ids": [],
                "source_port_range": "*",
                "source_port_ranges": []
              }
            ],
            "tags": {
              "environment": "Terraform Demo"
            },
            "timeouts": null
          },
          "sensitive_attributes": [],
          "private": "eyJlMmJmYjczMC1lY2FhLTExZTYtOGY4OC0zNDM2M2JjN2M0YzAiOnsiY3JlYXRlIjoxODAwMDAwMDAwMDAwLCJkZWxldGUiOjE4MDAwMDAwMDAwMDAsInJlYWQiOjMwMDAwMDAwMDAwMCwidXBkYXRlIjoxODAwMDAwMDAwMDAwfX0=",
          "dependencies": [
            "azurerm_resource_group.myterraformgroup"
          ]
        }
      ]
    },
    {
      "mode": "managed",
      "type": "azurerm_public_ip",
      "name": "myterraformpublicip",
      "provider": "provider[\"registry.terraform.io/hashicorp/azurerm\"]",
      "instances": [
        {
          "schema_version": 0,
          "attributes": {
            "allocation_method": "Static",
            "availability_zone": "No-Zone",
            "domain_name_label": null,
            "fqdn": null,
            "id": "/subscriptions/39e1282f-a588-4f22-86e1-2fbe036dfd42/resourceGroups/rr-rg-01/providers/Microsoft.Network/publicIPAddresses/rr-pub_ip-01",
            "idle_timeout_in_minutes": 4,
            "ip_address": "40.71.224.245",
            "ip_tags": null,
            "ip_version": "IPv4",
            "location": "eastus",
            "name": "rr-pub_ip-01",
            "public_ip_prefix_id": null,
            "resource_group_name": "rr-rg-01",
            "reverse_fqdn": null,
            "sku": "Basic",
            "sku_tier": "Regional",
            "tags": {
              "environment": "Terraform Demo"
            },
            "timeouts": null,
            "zones": []
          },
          "sensitive_attributes": [],
          "private": "eyJlMmJmYjczMC1lY2FhLTExZTYtOGY4OC0zNDM2M2JjN2M0YzAiOnsiY3JlYXRlIjoxODAwMDAwMDAwMDAwLCJkZWxldGUiOjE4MDAwMDAwMDAwMDAsInJlYWQiOjMwMDAwMDAwMDAwMCwidXBkYXRlIjoxODAwMDAwMDAwMDAwfX0=",
          "dependencies": [
            "azurerm_resource_group.myterraformgroup"
          ]
        }
      ]
    },
    {
      "mode": "managed",
      "type": "azurerm_resource_group",
      "name": "myterraformgroup",
      "provider": "provider[\"registry.terraform.io/hashicorp/azurerm\"]",
      "instances": [
        {
          "schema_version": 0,
          "attributes": {
            "id": "/subscriptions/39e1282f-a588-4f22-86e1-2fbe036dfd42/resourceGroups/rr-rg-01",
            "location": "eastus",
            "name": "rr-rg-01",
            "tags": {
              "environment": "Terraform Demo"
            },
            "timeouts": null
          },
          "sensitive_attributes": [],
          "private": "eyJlMmJmYjczMC1lY2FhLTExZTYtOGY4OC0zNDM2M2JjN2M0YzAiOnsiY3JlYXRlIjo1NDAwMDAwMDAwMDAwLCJkZWxldGUiOjU0MDAwMDAwMDAwMDAsInJlYWQiOjMwMDAwMDAwMDAwMCwidXBkYXRlIjo1NDAwMDAwMDAwMDAwfX0="
        }
      ]
    },
    {
      "mode": "managed",
      "type": "azurerm_storage_account",
      "name": "mystorageaccount",
      "provider": "provider[\"registry.terraform.io/hashicorp/azurerm\"]",
      "instances": [
        {
          "schema_version": 2,
          "attributes": {
            "access_tier": "Hot",
            "account_kind": "StorageV2",
            "account_replication_type": "LRS",
            "account_tier": "Standard",
            "allow_blob_public_access": false,
            "azure_files_authentication": [],
            "blob_properties": [
              {
                "change_feed_enabled": false,
                "container_delete_retention_policy": [],
                "cors_rule": [],
                "default_service_version": "",
                "delete_retention_policy": [],
                "last_access_time_enabled": false,
                "versioning_enabled": false
              }
            ],
            "custom_domain": [],
            "enable_https_traffic_only": true,
            "id": "/subscriptions/39e1282f-a588-4f22-86e1-2fbe036dfd42/resourceGroups/rr-rg-01/providers/Microsoft.Storage/storageAccounts/rrsa01",
            "identity": [],
            "is_hns_enabled": false,
            "large_file_share_enabled": null,
            "location": "eastus",
            "min_tls_version": "TLS1_0",
            "name": "rrsa01",
            "network_rules": [
              {
                "bypass": [
                  "AzureServices"
                ],
                "default_action": "Allow",
                "ip_rules": [],
                "private_link_access": [],
                "virtual_network_subnet_ids": []
              }
            ],
            "nfsv3_enabled": false,
            "primary_access_key": "mJZ5J0T9RLPESejSxcvooEa31ixTsi8iGvKRwM3dtw47/zcKcsA23QuV3psqYhmsJVm2Z8OglW8s9iS8wPKdsg==",
            "primary_blob_connection_string": "DefaultEndpointsProtocol=https;BlobEndpoint=https://rrsa01.blob.core.windows.net/;AccountName=rrsa01;AccountKey=mJZ5J0T9RLPESejSxcvooEa31ixTsi8iGvKRwM3dtw47/zcKcsA23QuV3psqYhmsJVm2Z8OglW8s9iS8wPKdsg==",
            "primary_blob_endpoint": "https://rrsa01.blob.core.windows.net/",
            "primary_blob_host": "rrsa01.blob.core.windows.net",
            "primary_connection_string": "DefaultEndpointsProtocol=https;AccountName=rrsa01;AccountKey=mJZ5J0T9RLPESejSxcvooEa31ixTsi8iGvKRwM3dtw47/zcKcsA23QuV3psqYhmsJVm2Z8OglW8s9iS8wPKdsg==;EndpointSuffix=core.windows.net",
            "primary_dfs_endpoint": "https://rrsa01.dfs.core.windows.net/",
            "primary_dfs_host": "rrsa01.dfs.core.windows.net",
            "primary_file_endpoint": "https://rrsa01.file.core.windows.net/",
            "primary_file_host": "rrsa01.file.core.windows.net",
            "primary_location": "eastus",
            "primary_queue_endpoint": "https://rrsa01.queue.core.windows.net/",
            "primary_queue_host": "rrsa01.queue.core.windows.net",
            "primary_table_endpoint": "https://rrsa01.table.core.windows.net/",
            "primary_table_host": "rrsa01.table.core.windows.net",
            "primary_web_endpoint": "https://rrsa01.z13.web.core.windows.net/",
            "primary_web_host": "rrsa01.z13.web.core.windows.net",
            "queue_properties": [
              {
                "cors_rule": [],
                "hour_metrics": [
                  {
                    "enabled": true,
                    "include_apis": true,
                    "retention_policy_days": 7,
                    "version": "1.0"
                  }
                ],
                "logging": [
                  {
                    "delete": false,
                    "read": false,
                    "retention_policy_days": 0,
                    "version": "1.0",
                    "write": false
                  }
                ],
                "minute_metrics": [
                  {
                    "enabled": false,
                    "include_apis": false,
                    "retention_policy_days": 0,
                    "version": "1.0"
                  }
                ]
              }
            ],
            "resource_group_name": "rr-rg-01",
            "routing": [],
            "secondary_access_key": "xi8UrP0GEVbNhQqtYxDcxkc9ZvT6iQ6KOi+lmJiU6XG/aGtDP+iZDqv/XTU6N9uh0STNROOxOMtuGie/f9CFnw==",
            "secondary_blob_connection_string": "",
            "secondary_blob_endpoint": null,
            "secondary_blob_host": null,
            "secondary_connection_string": "DefaultEndpointsProtocol=https;AccountName=rrsa01;AccountKey=xi8UrP0GEVbNhQqtYxDcxkc9ZvT6iQ6KOi+lmJiU6XG/aGtDP+iZDqv/XTU6N9uh0STNROOxOMtuGie/f9CFnw==;EndpointSuffix=core.windows.net",
            "secondary_dfs_endpoint": null,
            "secondary_dfs_host": null,
            "secondary_file_endpoint": null,
            "secondary_file_host": null,
            "secondary_location": "",
            "secondary_queue_endpoint": null,
            "secondary_queue_host": null,
            "secondary_table_endpoint": null,
            "secondary_table_host": null,
            "secondary_web_endpoint": null,
            "secondary_web_host": null,
            "share_properties": [
              {
                "cors_rule": [],
                "retention_policy": [
                  {
                    "days": 7
                  }
                ],
                "smb": []
              }
            ],
            "shared_access_key_enabled": true,
            "static_website": [],
            "tags": {
              "environment": "Terraform Demo"
            },
            "timeouts": null
          },
          "sensitive_attributes": [],
          "private": "eyJlMmJmYjczMC1lY2FhLTExZTYtOGY4OC0zNDM2M2JjN2M0YzAiOnsiY3JlYXRlIjozNjAwMDAwMDAwMDAwLCJkZWxldGUiOjM2MDAwMDAwMDAwMDAsInJlYWQiOjMwMDAwMDAwMDAwMCwidXBkYXRlIjozNjAwMDAwMDAwMDAwfSwic2NoZW1hX3ZlcnNpb24iOiIyIn0=",
          "dependencies": [
            "azurerm_resource_group.myterraformgroup"
          ]
        }
      ]
    },
    {
      "mode": "managed",
      "type": "azurerm_subnet",
      "name": "myterraformsubnet",
      "provider": "provider[\"registry.terraform.io/hashicorp/azurerm\"]",
      "instances": [
        {
          "schema_version": 0,
          "attributes": {
            "address_prefix": "10.0.1.0/24",
            "address_prefixes": [
              "10.0.1.0/24"
            ],
            "delegation": [],
            "enforce_private_link_endpoint_network_policies": false,
            "enforce_private_link_service_network_policies": false,
            "id": "/subscriptions/39e1282f-a588-4f22-86e1-2fbe036dfd42/resourceGroups/rr-rg-01/providers/Microsoft.Network/virtualNetworks/rr-vnet-01/subnets/rr-snet-01",
            "name": "rr-snet-01",
            "resource_group_name": "rr-rg-01",
            "service_endpoint_policy_ids": null,
            "service_endpoints": null,
            "timeouts": null,
            "virtual_network_name": "rr-vnet-01"
          },
          "sensitive_attributes": [],
          "private": "eyJlMmJmYjczMC1lY2FhLTExZTYtOGY4OC0zNDM2M2JjN2M0YzAiOnsiY3JlYXRlIjoxODAwMDAwMDAwMDAwLCJkZWxldGUiOjE4MDAwMDAwMDAwMDAsInJlYWQiOjMwMDAwMDAwMDAwMCwidXBkYXRlIjoxODAwMDAwMDAwMDAwfX0=",
          "dependencies": [
            "azurerm_resource_group.myterraformgroup",
            "azurerm_virtual_network.myterraformnetwork"
          ]
        }
      ]
    },
    {
      "mode": "managed",
      "type": "azurerm_virtual_network",
      "name": "myterraformnetwork",
      "provider": "provider[\"registry.terraform.io/hashicorp/azurerm\"]",
      "instances": [
        {
          "schema_version": 0,
          "attributes": {
            "address_space": [
              "10.0.0.0/16"
            ],
            "bgp_community": "",
            "ddos_protection_plan": [],
            "dns_servers": [],
            "guid": "73fb6f0d-70e4-456e-8f64-19c86452f073",
            "id": "/subscriptions/39e1282f-a588-4f22-86e1-2fbe036dfd42/resourceGroups/rr-rg-01/providers/Microsoft.Network/virtualNetworks/rr-vnet-01",
            "location": "eastus",
            "name": "rr-vnet-01",
            "resource_group_name": "rr-rg-01",
            "subnet": [],
            "tags": {
              "environment": "Terraform Demo"
            },
            "timeouts": null,
            "vm_protection_enabled": false
          },
          "sensitive_attributes": [],
          "private": "eyJlMmJmYjczMC1lY2FhLTExZTYtOGY4OC0zNDM2M2JjN2M0YzAiOnsiY3JlYXRlIjoxODAwMDAwMDAwMDAwLCJkZWxldGUiOjE4MDAwMDAwMDAwMDAsInJlYWQiOjMwMDAwMDAwMDAwMCwidXBkYXRlIjoxODAwMDAwMDAwMDAwfX0=",
          "dependencies": [
            "azurerm_resource_group.myterraformgroup"
          ]
        }
      ]
    },
    {
      "mode": "managed",
      "type": "random_id",
      "name": "randomId",
      "provider": "provider[\"registry.terraform.io/hashicorp/random\"]",
      "instances": [
        {
          "schema_version": 0,
          "attributes": {
            "b64_std": "Btv0SXlyoU8=",
            "b64_url": "Btv0SXlyoU8",
            "byte_length": 8,
            "dec": "494257180534546767",
            "hex": "06dbf4497972a14f",
            "id": "Btv0SXlyoU8",
            "keepers": {
              "resource_group": "rr-rg-01"
            },
            "prefix": null
          },
          "sensitive_attributes": [],
          "private": "bnVsbA==",
          "dependencies": [
            "azurerm_resource_group.myterraformgroup"
          ]
        }
      ]
    },
    {
      "mode": "managed",
      "type": "tls_private_key",
      "name": "example_ssh",
      "provider": "provider[\"registry.terraform.io/hashicorp/tls\"]",
      "instances": [
        {
          "schema_version": 0,
          "attributes": {
            "algorithm": "RSA",
            "ecdsa_curve": "P224",
            "id": "e05a3f230be6e3f85224daaccfab68648a463ded",
            "private_key_pem": "-----BEGIN RSA PRIVATE KEY-----\nMIIJKQIBAAKCAgEAnd4RqQ+WsNXN2spXwTPg/QPsfz9U+uhj0PcyBGPMB3Wu1Smr\nZIm4+phT1vQ7MmtAMZ6Sia7wjevQaX1fyXbPOx0/jHzJ4Fzj0u/fywql3AKfGxti\nxaapH6Bvizh0CszQlgaFBlsgUbw/Xyl9VKr/QTEmPHD1FKbTmLnWU5Z2QPDcAfoa\nq7XVgmKL0OKFLIf5Rq/azM9preKE5OkUWj40GKpN0G5VQE9d5gIydQSzK5hV7vkc\nuXuY65xV8GwVYBPoZp5yfisUMkjlue1etkdznHLwF/ZFcryVU4MdTexe+TQJRFiF\nBy5jfGP2TAqq5JDKdJgfW6LILruHtUr347LF3CpAkg5+GDj5DdwameHVGNcGoedi\n+XzWHuhpNXH368LZyCOBIdrw/O/MmxAiZeFd95zjYlveb+QwuNmYgJy5bsoZ5ckz\n85flT/oq1t8I99JGxVL4jgYRAl7oOkqRwioh0WnkwQc5N7xjohBH8S2PI7waHc37\nll1xEhCFJgGpzpidC+OwYBB4mIlh8wLhBYa4F7ELYnpRJY33mpzOwcqOiGb8leED\n8fUM+lp4UN1XuWLQWKCQaGkfMw7TaQMcHcLRJG0wGUuJNNw4BcocA03YmcGGpm7w\n3ii9Is5EneoZMuSV62KJDTbF0qLtjCeNf04QnLH9tujUY18wcZ4okSrsjGcCAwEA\nAQKCAgAst67A+M1yod2B0DczXwKoKOhg0wu7VwCPPLZKUAqHQmqXrwoBnJFtSqDV\nDrGGAqNYataPcaJqURXkC8OKScFBuXM61E5K44UVRyVZWlbJD2UKRKOh4See8c8m\n3ILiXEnpdUdRGZb6EBzTU+lQhm9vhACUtlp10xu0808mtkQg+RkY5kOPyB4GpOt9\n6+xVRN7zivSrd0U0ICoMvYkqVtxi8DrCg75aTSEH+i9YvlASVUBiROZCFCSo+MvP\nIo6bfIgkKVW9L261H7kTBY4CjBLPii9AWl4ptgmGcmlmnUH5zSei2IA2HInJvncR\n6yOlQu5WQJEBYAbcVfqG/Alj0kwBM3lZOjxolicksw1s8rGdaYGuNgGjKt4mCj62\n3N4BfENpov0JH/kUEW/e+AFkXzLJfHGCx0N+lUBUvMgy5BU3Z3XpKwRwj7M3mr2E\n4tR0Z+t0+0gWy0LJmVu/gPMyXc4rK/XFn5Zssjp56URxTX4dzM8FaR8XTPn/S9rz\nNJiRNBslVcCEZZpdTYtYAYdisSHwVRH9PV7W02wzz7uZpjT6SmOwaBjQjZcW6wJ9\noCEZy69InkRiS+Hw3YAPEFkNEpzNM6CHzD2PN6o/Y7ab7f4JCYwTuKcreAyZc5lt\nOriDJWh4GsCrp02qZzG15jr0sSTivUyjwyiv8pqAb5PH6RuyYQKCAQEAw/3h2Zmk\nxNbpObUEGSmq2Rd4X6UMguZj30okyUSr2qLnRyxnJirgfWsn5EhLal14vcGkkV+q\nfKhfALgSCdmR7iOUl3GdBZZL59Fpr2UjPjR8cPeytGQf6H0jzwSC1DYJ1ItzMRfm\nc4uOT00ZhH3po0FzH4s2BxICB3xlh9wN0LflIQa8YLnZlsDtJKsGHMI8oe/Wllu2\nN/fc10qz2Di2T3CuRohi3PWewQAZ+9nyOMrztyHG147xeN8xKYBTViqmeAoElGA8\nmN0GEOEKgS6UGPWcHpnzw6e/WhrxJikak5Cj6CGQ5Gu8ZiJnEWbSsbv2yK+OZ1AZ\nPoVhPToBRPKIzQKCAQEAzjPzZdo1FkD+YLn7DpPuCBillzBeGoSmyUpLr7+u+BaV\nUBN5DRxTkphiWVq7hoN+Dgg2eLdJAdTi594QhWnvxRuKtsi+GxwcwbBreKdtJbJ1\nXA8PO+uXHHzyrH8+/agjrA/dEdAsJwrEi/5IN2OzoWmZFU5yX7sRDsuJYG7aJTjP\nX63bbK/eHV6WmOHuFhuQt17PeI9inimQQ9dwKaABNTIQlzYaV12D1nUr+mLjZT+j\nt+JZorcUMkQjUyAoCVXnscYcCotF96evYf53OBb6PvlU01xuEuS3WaVjdHuR+WA3\n0sK+PSbt9VvtGXLrxKGZP9xY8Ix3NBsp1YnKd3C6AwKCAQAHH50r2YfBl8YWUNv7\nRiZtiYrYfxk7UMBkhz9bCWHtqmoZjiWZn4lVRaXHiFElZoxS6Uzf88gwi7YYQph1\nPzEspKJr9rcsUtAjdtsOgvCK/EFhob8fC1yViKbaiWFv8R7eWMsxB5taq8HaZAT/\nacwqIODcTqUCEMd+GilejML7yRNM5f/GzDp6XjzATm8EcJLfl+YGxQKUei/Oq2pp\n+3W04XWUHrTpLww8G5LWMo+5PLcq+tFNWGaya/pPddiRky9Fwad09SJ+s9nalzNY\niqbbWWH5QsM3Y0tzLPOC3Y+XuXQbpcysYLYSSEHSwhf6WciYdrkITEL+oL5uCUOu\ni9opAoIBAQCmLzRQt+XlA4h/yCPQAeTq3YJHMRIGaTZKL/iDsgZ/pyO7H5aFvHiW\nQv2wafGMXVkwUeokrALI2RvuJwhFnbVBtAq9eVfNXYDHkTlsSfMrWIJBKVnrvtlQ\nelrSLtNDd0kYmMhgXNfYt1LkSJFHIrFYu1RG2axP/uGmfN9AutZQ/VIUGHgpRivK\nm7rfh+ZsJtchEeY/kb+3HGRKaMzanzuZ9bltRItCMfnY0yIYb644oWt+/YukGczL\nHiMiEV5y96r9mV5sGQbQq3IrlfvbVplkO2nj1jBYRcCHHUXkUNq6kpMq5wyPGFrb\nTbTut7HQDTUHRLzhUTOY6PN0R9LHJDClAoIBAQCtVjyQf/2euGI0uXgXA+n5CmAK\n19EXBxJ3Nrw4nE5fQLQKtAKtwQl6cELPOyu/APvnUQ/NV29TX9xCv+i7omfz2TOh\n7ULGM1+jnoBUD9KYvybCT9d1sQ2y0qA2f9yo7zyy7LtCQadg0nkGTm1mcogAy6fZ\nCVGS5LyC0KWvQ1SfgXTO6SLTO4LV53vycWF/3kzCxvcWBB6nD8cLr0C8T1BSglYA\nzPrQE5M99bwbBP7/ed2f6kVkdMeXvwzPuKlhqHBY0d8SIovE/9/sHmU34FuRE04D\nhbiz2HeV3x3AMqo+FiibcwAZKM2cUdo2by/KznOFUT/rkhyaA670qOH7QgeB\n-----END RSA PRIVATE KEY-----\n",
            "public_key_fingerprint_md5": "0f:1b:d6:9c:a6:d6:20:7c:bb:55:08:95:2c:c1:a4:fd",
            "public_key_openssh": "ssh-rsa AAAAB3NzaC1yc2EAAAADAQABAAACAQCd3hGpD5aw1c3aylfBM+D9A+x/P1T66GPQ9zIEY8wHda7VKatkibj6mFPW9Dsya0AxnpKJrvCN69BpfV/Jds87HT+MfMngXOPS79/LCqXcAp8bG2LFpqkfoG+LOHQKzNCWBoUGWyBRvD9fKX1Uqv9BMSY8cPUUptOYudZTlnZA8NwB+hqrtdWCYovQ4oUsh/lGr9rMz2mt4oTk6RRaPjQYqk3QblVAT13mAjJ1BLMrmFXu+Ry5e5jrnFXwbBVgE+hmnnJ+KxQySOW57V62R3OccvAX9kVyvJVTgx1N7F75NAlEWIUHLmN8Y/ZMCqrkkMp0mB9bosguu4e1SvfjssXcKkCSDn4YOPkN3BqZ4dUY1wah52L5fNYe6Gk1cffrwtnII4Eh2vD878ybECJl4V33nONiW95v5DC42ZiAnLluyhnlyTPzl+VP+irW3wj30kbFUviOBhECXug6SpHCKiHRaeTBBzk3vGOiEEfxLY8jvBodzfuWXXESEIUmAanOmJ0L47BgEHiYiWHzAuEFhrgXsQtielEljfeanM7Byo6IZvyV4QPx9Qz6WnhQ3Ve5YtBYoJBoaR8zDtNpAxwdwtEkbTAZS4k03DgFyhwDTdiZwYambvDeKL0izkSd6hky5JXrYokNNsXSou2MJ41/ThCcsf226NRjXzBxniiRKuyMZw==\n",
            "public_key_pem": "-----BEGIN PUBLIC KEY-----\nMIICIjANBgkqhkiG9w0BAQEFAAOCAg8AMIICCgKCAgEAnd4RqQ+WsNXN2spXwTPg\n/QPsfz9U+uhj0PcyBGPMB3Wu1SmrZIm4+phT1vQ7MmtAMZ6Sia7wjevQaX1fyXbP\nOx0/jHzJ4Fzj0u/fywql3AKfGxtixaapH6Bvizh0CszQlgaFBlsgUbw/Xyl9VKr/\nQTEmPHD1FKbTmLnWU5Z2QPDcAfoaq7XVgmKL0OKFLIf5Rq/azM9preKE5OkUWj40\nGKpN0G5VQE9d5gIydQSzK5hV7vkcuXuY65xV8GwVYBPoZp5yfisUMkjlue1etkdz\nnHLwF/ZFcryVU4MdTexe+TQJRFiFBy5jfGP2TAqq5JDKdJgfW6LILruHtUr347LF\n3CpAkg5+GDj5DdwameHVGNcGoedi+XzWHuhpNXH368LZyCOBIdrw/O/MmxAiZeFd\n95zjYlveb+QwuNmYgJy5bsoZ5ckz85flT/oq1t8I99JGxVL4jgYRAl7oOkqRwioh\n0WnkwQc5N7xjohBH8S2PI7waHc37ll1xEhCFJgGpzpidC+OwYBB4mIlh8wLhBYa4\nF7ELYnpRJY33mpzOwcqOiGb8leED8fUM+lp4UN1XuWLQWKCQaGkfMw7TaQMcHcLR\nJG0wGUuJNNw4BcocA03YmcGGpm7w3ii9Is5EneoZMuSV62KJDTbF0qLtjCeNf04Q\nnLH9tujUY18wcZ4okSrsjGcCAwEAAQ==\n-----END PUBLIC KEY-----\n",
            "rsa_bits": 4096
          },
          "sensitive_attributes": [],
          "private": "bnVsbA=="
        }
      ]
    }
  ]
}
